// !$*UTF8*$!
{
	archiveVersion = 1;
	classes = {
	};
	objectVersion = 46;
	objects = {

/* Begin PBXBuildFile section */
		454F1C261D4F952900A1168A /* AppDelegate.swift in Sources */ = {isa = PBXBuildFile; fileRef = 454F1C251D4F952900A1168A /* AppDelegate.swift */; };
		454F1C281D4F952900A1168A /* ViewController.swift in Sources */ = {isa = PBXBuildFile; fileRef = 454F1C271D4F952900A1168A /* ViewController.swift */; };
		454F1C2B1D4F952900A1168A /* Main.storyboard in Resources */ = {isa = PBXBuildFile; fileRef = 454F1C291D4F952900A1168A /* Main.storyboard */; };
		454F1C2D1D4F952900A1168A /* Assets.xcassets in Resources */ = {isa = PBXBuildFile; fileRef = 454F1C2C1D4F952900A1168A /* Assets.xcassets */; };
		454F1C301D4F952900A1168A /* LaunchScreen.storyboard in Resources */ = {isa = PBXBuildFile; fileRef = 454F1C2E1D4F952900A1168A /* LaunchScreen.storyboard */; };
		454F1C381D4F955C00A1168A /* TadaaViewController.swift in Sources */ = {isa = PBXBuildFile; fileRef = 454F1C371D4F955C00A1168A /* TadaaViewController.swift */; };
/* End PBXBuildFile section */

/* Begin PBXFileReference section */
		454F1C221D4F952900A1168A /* Tadaa.app */ = {isa = PBXFileReference; explicitFileType = wrapper.application; includeInIndex = 0; path = Tadaa.app; sourceTree = BUILT_PRODUCTS_DIR; };
		454F1C251D4F952900A1168A /* AppDelegate.swift */ = {isa = PBXFileReference; lastKnownFileType = sourcecode.swift; path = AppDelegate.swift; sourceTree = "<group>"; };
		454F1C271D4F952900A1168A /* ViewController.swift */ = {isa = PBXFileReference; lastKnownFileType = sourcecode.swift; path = ViewController.swift; sourceTree = "<group>"; };
		454F1C2A1D4F952900A1168A /* Base */ = {isa = PBXFileReference; lastKnownFileType = file.storyboard; name = Base; path = Base.lproj/Main.storyboard; sourceTree = "<group>"; };
		454F1C2C1D4F952900A1168A /* Assets.xcassets */ = {isa = PBXFileReference; lastKnownFileType = folder.assetcatalog; path = Assets.xcassets; sourceTree = "<group>"; };
		454F1C2F1D4F952900A1168A /* Base */ = {isa = PBXFileReference; lastKnownFileType = file.storyboard; name = Base; path = Base.lproj/LaunchScreen.storyboard; sourceTree = "<group>"; };
		454F1C311D4F952900A1168A /* Info.plist */ = {isa = PBXFileReference; lastKnownFileType = text.plist.xml; path = Info.plist; sourceTree = "<group>"; };
		454F1C371D4F955C00A1168A /* TadaaViewController.swift */ = {isa = PBXFileReference; fileEncoding = 4; lastKnownFileType = sourcecode.swift; path = TadaaViewController.swift; sourceTree = "<group>"; };
/* End PBXFileReference section */

/* Begin PBXFrameworksBuildPhase section */
		454F1C1F1D4F952900A1168A /* Frameworks */ = {
			isa = PBXFrameworksBuildPhase;
			buildActionMask = 2147483647;
			files = (
			);
			runOnlyForDeploymentPostprocessing = 0;
		};
/* End PBXFrameworksBuildPhase section */

/* Begin PBXGroup section */
		454F1C191D4F952900A1168A = {
			isa = PBXGroup;
			children = (
				454F1C241D4F952900A1168A /* Tadaa */,
				454F1C231D4F952900A1168A /* Products */,
			);
			sourceTree = "<group>";
		};
		454F1C231D4F952900A1168A /* Products */ = {
			isa = PBXGroup;
			children = (
				454F1C221D4F952900A1168A /* Tadaa.app */,
			);
			name = Products;
			sourceTree = "<group>";
		};
		454F1C241D4F952900A1168A /* Tadaa */ = {
			isa = PBXGroup;
			children = (
				454F1C251D4F952900A1168A /* AppDelegate.swift */,
				454F1C271D4F952900A1168A /* ViewController.swift */,
				454F1C291D4F952900A1168A /* Main.storyboard */,
				454F1C2C1D4F952900A1168A /* Assets.xcassets */,
				454F1C2E1D4F952900A1168A /* LaunchScreen.storyboard */,
				454F1C311D4F952900A1168A /* Info.plist */,
				454F1C371D4F955C00A1168A /* TadaaViewController.swift */,
			);
			path = Tadaa;
			sourceTree = "<group>";
		};
/* End PBXGroup section */

/* Begin PBXNativeTarget section */
		454F1C211D4F952900A1168A /* Tadaa */ = {
			isa = PBXNativeTarget;
			buildConfigurationList = 454F1C341D4F952900A1168A /* Build configuration list for PBXNativeTarget "Tadaa" */;
			buildPhases = (
				454F1C1E1D4F952900A1168A /* Sources */,
				454F1C1F1D4F952900A1168A /* Frameworks */,
				454F1C201D4F952900A1168A /* Resources */,
			);
			buildRules = (
			);
			dependencies = (
			);
			name = Tadaa;
			productName = Tadaa;
			productReference = 454F1C221D4F952900A1168A /* Tadaa.app */;
			productType = "com.apple.product-type.application";
		};
/* End PBXNativeTarget section */

/* Begin PBXProject section */
		454F1C1A1D4F952900A1168A /* Project object */ = {
			isa = PBXProject;
			attributes = {
				LastSwiftUpdateCheck = 0730;
				LastUpgradeCheck = 0730;
				ORGANIZATIONNAME = Dinkywonder;
				TargetAttributes = {
					454F1C211D4F952900A1168A = {
						CreatedOnToolsVersion = 7.3;
					};
				};
			};
			buildConfigurationList = 454F1C1D1D4F952900A1168A /* Build configuration list for PBXProject "Tadaa" */;
			compatibilityVersion = "Xcode 3.2";
			developmentRegion = English;
			hasScannedForEncodings = 0;
			knownRegions = (
				en,
				Base,
			);
			mainGroup = 454F1C191D4F952900A1168A;
			productRefGroup = 454F1C231D4F952900A1168A /* Products */;
			projectDirPath = "";
			projectRoot = "";
			targets = (
				454F1C211D4F952900A1168A /* Tadaa */,
			);
		};
/* End PBXProject section */

/* Begin PBXResourcesBuildPhase section */
		454F1C201D4F952900A1168A /* Resources */ = {
			isa = PBXResourcesBuildPhase;
			buildActionMask = 2147483647;
			files = (
				454F1C301D4F952900A1168A /* LaunchScreen.storyboard in Resources */,
				454F1C2D1D4F952900A1168A /* Assets.xcassets in Resources */,
				454F1C2B1D4F952900A1168A /* Main.storyboard in Resources */,
			);
			runOnlyForDeploymentPostprocessing = 0;
		};
/* End PBXResourcesBuildPhase section */

/* Begin PBXSourcesBuildPhase section */
		454F1C1E1D4F952900A1168A /* Sources */ = {
			isa = PBXSourcesBuildPhase;
			buildActionMask = 2147483647;
			files = (
				454F1C281D4F952900A1168A /* ViewController.swift in Sources */,
				454F1C381D4F955C00A1168A /* TadaaViewController.swift in Sources */,
				454F1C261D4F952900A1168A /* AppDelegate.swift in Sources */,
			);
			runOnlyForDeploymentPostprocessing = 0;
		};
/* End PBXSourcesBuildPhase section */

/* Begin PBXVariantGroup section */
		454F1C291D4F952900A1168A /* Main.storyboard */ = {
			isa = PBXVariantGroup;
			children = (
				454F1C2A1D4F952900A1168A /* Base */,
			);
			name = Main.storyboard;
			sourceTree = "<group>";
		};
		454F1C2E1D4F952900A1168A /* LaunchScreen.storyboard */ = {
			isa = PBXVariantGroup;
			children = (
				454F1C2F1D4F952900A1168A /* Base */,
			);
			name = LaunchScreen.storyboard;
			sourceTree = "<group>";
		};
/* End PBXVariantGroup section */

/* Begin XCBuildConfiguration section */
		454F1C321D4F952900A1168A /* Debug */ = {
			isa = XCBuildConfiguration;
			buildSettings = {
				ALWAYS_SEARCH_USER_PATHS = NO;
				CLANG_ANALYZER_NONNULL = YES;
				CLANG_CXX_LANGUAGE_STANDARD = "gnu++0x";
				CLANG_CXX_LIBRARY = "libc++";
				CLANG_ENABLE_MODULES = YES;
				CLANG_ENABLE_OBJC_ARC = YES;
				CLANG_WARN_BOOL_CONVERSION = YES;
				CLANG_WARN_CONSTANT_CONVERSION = YES;
				CLANG_WARN_DIRECT_OBJC_ISA_USAGE = YES_ERROR;
				CLANG_WARN_EMPTY_BODY = YES;
				CLANG_WARN_ENUM_CONVERSION = YES;
				CLANG_WARN_INT_CONVERSION = YES;
				CLANG_WARN_OBJC_ROOT_CLASS = YES_ERROR;
				CLANG_WARN_UNREACHABLE_CODE = YES;
				CLANG_WARN__DUPLICATE_METHOD_MATCH = YES;
				"CODE_SIGN_IDENTITY[sdk=iphoneos*]" = "iPhone Developer";
				COPY_PHASE_STRIP = NO;
				DEBUG_INFORMATION_FORMAT = dwarf;
				ENABLE_STRICT_OBJC_MSGSEND = YES;
				ENABLE_TESTABILITY = YES;
				GCC_C_LANGUAGE_STANDARD = gnu99;
				GCC_DYNAMIC_NO_PIC = NO;
				GCC_NO_COMMON_BLOCKS = YES;
				GCC_OPTIMIZATION_LEVEL = 0;
				GCC_PREPROCESSOR_DEFINITIONS = (
					"DEBUG=1",
					"$(inherited)",
				);
				GCC_WARN_64_TO_32_BIT_CONVERSION = YES;
				GCC_WARN_ABOUT_RETURN_TYPE = YES_ERROR;
				GCC_WARN_UNDECLARED_SELECTOR = YES;
				GCC_WARN_UNINITIALIZED_AUTOS = YES_AGGRESSIVE;
				GCC_WARN_UNUSED_FUNCTION = YES;
				GCC_WARN_UNUSED_VARIABLE = YES;
				IPHONEOS_DEPLOYMENT_TARGET = 9.3;
				MTL_ENABLE_DEBUG_INFO = YES;
				ONLY_ACTIVE_ARCH = YES;
				SDKROOT = iphoneos;
				SWIFT_OPTIMIZATION_LEVEL = "-Onone";
			};
			name = Debug;
		};
		454F1C331D4F952900A1168A /* Release */ = {
			isa = XCBuildConfiguration;
			buildSettings = {
				ALWAYS_SEARCH_USER_PATHS = NO;
				CLANG_ANALYZER_NONNULL = YES;
				CLANG_CXX_LANGUAGE_STANDARD = "gnu++0x";
				CLANG_CXX_LIBRARY = "libc++";
				CLANG_ENABLE_MODULES = YES;
				CLANG_ENABLE_OBJC_ARC = YES;
				CLANG_WARN_BOOL_CONVERSION = YES;
				CLANG_WARN_CONSTANT_CONVERSION = YES;
				CLANG_WARN_DIRECT_OBJC_ISA_USAGE = YES_ERROR;
				CLANG_WARN_EMPTY_BODY = YES;
				CLANG_WARN_ENUM_CONVERSION = YES;
				CLANG_WARN_INT_CONVERSION = YES;
				CLANG_WARN_OBJC_ROOT_CLASS = YES_ERROR;
				CLANG_WARN_UNREACHABLE_CODE = YES;
				CLANG_WARN__DUPLICATE_METHOD_MATCH = YES;
				"CODE_SIGN_IDENTITY[sdk=iphoneos*]" = "iPhone Developer";
				COPY_PHASE_STRIP = NO;
				DEBUG_INFORMATION_FORMAT = "dwarf-with-dsym";
				ENABLE_NS_ASSERTIONS = NO;
				ENABLE_STRICT_OBJC_MSGSEND = YES;
				GCC_C_LANGUAGE_STANDARD = gnu99;
				GCC_NO_COMMON_BLOCKS = YES;
				GCC_WARN_64_TO_32_BIT_CONVERSION = YES;
				GCC_WARN_ABOUT_RETURN_TYPE = YES_ERROR;
				GCC_WARN_UNDECLARED_SELECTOR = YES;
				GCC_WARN_UNINITIALIZED_AUTOS = YES_AGGRESSIVE;
				GCC_WARN_UNUSED_FUNCTION = YES;
				GCC_WARN_UNUSED_VARIABLE = YES;
				IPHONEOS_DEPLOYMENT_TARGET = 9.3;
				MTL_ENABLE_DEBUG_INFO = NO;
				SDKROOT = iphoneos;
				VALIDATE_PRODUCT = YES;
			};
			name = Release;
		};
		454F1C351D4F952900A1168A /* Debug */ = {
			isa = XCBuildConfiguration;
			buildSettings = {
				ASSETCATALOG_COMPILER_APPICON_NAME = AppIcon;
				INFOPLIST_FILE = Tadaa/Info.plist;
				LD_RUNPATH_SEARCH_PATHS = "$(inherited) @executable_path/Frameworks";
				PRODUCT_BUNDLE_IDENTIFIER = nl.dinkywonder.Tadaa;
				PRODUCT_NAME = "$(TARGET_NAME)";
			};
			name = Debug;
		};
		454F1C361D4F952900A1168A /* Release */ = {
			isa = XCBuildConfiguration;
			buildSettings = {
				ASSETCATALOG_COMPILER_APPICON_NAME = AppIcon;
				INFOPLIST_FILE = Tadaa/Info.plist;
				LD_RUNPATH_SEARCH_PATHS = "$(inherited) @executable_path/Frameworks";
				PRODUCT_BUNDLE_IDENTIFIER = nl.dinkywonder.Tadaa;
				PRODUCT_NAME = "$(TARGET_NAME)";
			};
			name = Release;
		};
/* End XCBuildConfiguration section */

/* Begin XCConfigurationList section */
		454F1C1D1D4F952900A1168A /* Build configuration list for PBXProject "Tadaa" */ = {
			isa = XCConfigurationList;
			buildConfigurations = (
				454F1C321D4F952900A1168A /* Debug */,
				454F1C331D4F952900A1168A /* Release */,
			);
			defaultConfigurationIsVisible = 0;
			defaultConfigurationName = Release;
		};
		454F1C341D4F952900A1168A /* Build configuration list for PBXNativeTarget "Tadaa" */ = {
			isa = XCConfigurationList;
			buildConfigurations = (
				454F1C351D4F952900A1168A /* Debug */,
				454F1C361D4F952900A1168A /* Release */,
			);
			defaultConfigurationIsVisible = 0;
		};
/* End XCConfigurationList section */
	};
	rootObject = 454F1C1A1D4F952900A1168A /* Project object */;
}
